
Microsoft Visual Studio Solution File, Format Version 12.00
# Visual Studio Version 17
VisualStudioVersion = 17.11.35312.102
MinimumVisualStudioVersion = 10.0.40219.1
Project("{9A19103F-16F7-4668-BE54-9A1E7A4F7556}") = "CityInfoAPI.Web", "CityInfoAPI.Web\CityInfoAPI.Web.csproj", "{8FE3EB7D-94D1-493A-B531-B10ED3EBAB7D}"
EndProject
Project("{9A19103F-16F7-4668-BE54-9A1E7A4F7556}") = "CityInfoAPI.Dtos", "CityInfoAPI.Dtos\CityInfoAPI.Dtos.csproj", "{84CE9E27-629D-4B6C-824E-DCD0520904F6}"
EndProject
Project("{9A19103F-16F7-4668-BE54-9A1E7A4F7556}") = "CityInfoAPI.Data", "CityInfoAPI.Data\CityInfoAPI.Data.csproj", "{A072CE6A-A59A-4AC1-86AA-5DABB80FFCC4}"
EndProject
Project("{2150E333-8FDC-42A3-9474-1A3956D46DE8}") = "Docs", "Docs", "{26EDF3EA-95D6-474D-9FC3-C9A1EAF14B38}"
	ProjectSection(SolutionItems) = preProject
		..\.gitignore = ..\.gitignore
		..\pull_request_template.md = ..\pull_request_template.md
		..\README.md = ..\README.md
	EndProjectSection
EndProject
Project("{2150E333-8FDC-42A3-9474-1A3956D46DE8}") = "Sql-Scripts", "Sql-Scripts", "{530724D6-85F3-4BAD-BCF4-966751CEF182}"
	ProjectSection(SolutionItems) = preProject
		Docs\Sql-Scripts\cities-and-poi.sql = Docs\Sql-Scripts\cities-and-poi.sql
		Docs\Sql-Scripts\create-cities-tbl.sql = Docs\Sql-Scripts\create-cities-tbl.sql
		Docs\Sql-Scripts\create-logs-tbl.sql = Docs\Sql-Scripts\create-logs-tbl.sql
		Docs\Sql-Scripts\create-points-of-interest-tbl.sql = Docs\Sql-Scripts\create-points-of-interest-tbl.sql
		Docs\Sql-Scripts\create-states-tbl.sql = Docs\Sql-Scripts\create-states-tbl.sql
		Docs\Sql-Scripts\insert-initial-data-cities.sql = Docs\Sql-Scripts\insert-initial-data-cities.sql
		Docs\Sql-Scripts\insert-initial-data-points-of-interest.sql = Docs\Sql-Scripts\insert-initial-data-points-of-interest.sql
		Docs\Sql-Scripts\insert-initial-data-states.sql = Docs\Sql-Scripts\insert-initial-data-states.sql
	EndProjectSection
EndProject
Project("{9A19103F-16F7-4668-BE54-9A1E7A4F7556}") = "CityInfoAPI.Service", "CityInfoAPI.Service\CityInfoAPI.Service.csproj", "{5F1A21DB-2EEF-4223-BB97-25101F64C92F}"
EndProject
Project("{2150E333-8FDC-42A3-9474-1A3956D46DE8}") = "Postman", "Postman", "{9A4A01D1-0A93-41CB-9C55-E65CEA8B0D2B}"
	ProjectSection(SolutionItems) = preProject
		Docs\Postman\Cities API NET8.postman_collection.json = Docs\Postman\Cities API NET8.postman_collection.json
	EndProjectSection
EndProject
Project("{2150E333-8FDC-42A3-9474-1A3956D46DE8}") = "Imgs", "Imgs", "{4DE88F82-B59E-43FB-BA30-E5877C750054}"
	ProjectSection(SolutionItems) = preProject
		Docs\Imgs\406.png = Docs\Imgs\406.png
		Docs\Imgs\created-at-route.png = Docs\Imgs\created-at-route.png
		Docs\Imgs\custom-response-header.png = Docs\Imgs\custom-response-header.png
		Docs\Imgs\json.png = Docs\Imgs\json.png
		Docs\Imgs\media-links.png = Docs\Imgs\media-links.png
		Docs\Imgs\request-token.png = Docs\Imgs\request-token.png
		Docs\Imgs\using-token-2.png = Docs\Imgs\using-token-2.png
		Docs\Imgs\using-token.png = Docs\Imgs\using-token.png
		Docs\Imgs\xml.png = Docs\Imgs\xml.png
	EndProjectSection
EndProject
Project("{FAE04EC0-301F-11D3-BF4B-00C04F79EFBC}") = "CityInfoAPI.Test", "CityInfoAPI.Test\CityInfoAPI.Test.csproj", "{F9C8B25D-8959-4904-9D0B-8E2B3918771A}"
EndProject
Project("{2150E333-8FDC-42A3-9474-1A3956D46DE8}") = "Notes", "Notes", "{02EA681E-C7D8-13C7-8484-4AC65E1B71E8}"
	ProjectSection(SolutionItems) = preProject
		Docs\Notes\ToDo.md = Docs\Notes\ToDo.md
	EndProjectSection
EndProject
Global
	GlobalSection(SolutionConfigurationPlatforms) = preSolution
		Debug|Any CPU = Debug|Any CPU
		Release|Any CPU = Release|Any CPU
	EndGlobalSection
	GlobalSection(ProjectConfigurationPlatforms) = postSolution
		{8FE3EB7D-94D1-493A-B531-B10ED3EBAB7D}.Debug|Any CPU.ActiveCfg = Debug|Any CPU
		{8FE3EB7D-94D1-493A-B531-B10ED3EBAB7D}.Debug|Any CPU.Build.0 = Debug|Any CPU
		{8FE3EB7D-94D1-493A-B531-B10ED3EBAB7D}.Release|Any CPU.ActiveCfg = Release|Any CPU
		{8FE3EB7D-94D1-493A-B531-B10ED3EBAB7D}.Release|Any CPU.Build.0 = Release|Any CPU
		{84CE9E27-629D-4B6C-824E-DCD0520904F6}.Debug|Any CPU.ActiveCfg = Debug|Any CPU
		{84CE9E27-629D-4B6C-824E-DCD0520904F6}.Debug|Any CPU.Build.0 = Debug|Any CPU
		{84CE9E27-629D-4B6C-824E-DCD0520904F6}.Release|Any CPU.ActiveCfg = Release|Any CPU
		{84CE9E27-629D-4B6C-824E-DCD0520904F6}.Release|Any CPU.Build.0 = Release|Any CPU
		{A072CE6A-A59A-4AC1-86AA-5DABB80FFCC4}.Debug|Any CPU.ActiveCfg = Debug|Any CPU
		{A072CE6A-A59A-4AC1-86AA-5DABB80FFCC4}.Debug|Any CPU.Build.0 = Debug|Any CPU
		{A072CE6A-A59A-4AC1-86AA-5DABB80FFCC4}.Release|Any CPU.ActiveCfg = Release|Any CPU
		{A072CE6A-A59A-4AC1-86AA-5DABB80FFCC4}.Release|Any CPU.Build.0 = Release|Any CPU
		{5F1A21DB-2EEF-4223-BB97-25101F64C92F}.Debug|Any CPU.ActiveCfg = Debug|Any CPU
		{5F1A21DB-2EEF-4223-BB97-25101F64C92F}.Debug|Any CPU.Build.0 = Debug|Any CPU
		{5F1A21DB-2EEF-4223-BB97-25101F64C92F}.Release|Any CPU.ActiveCfg = Release|Any CPU
		{5F1A21DB-2EEF-4223-BB97-25101F64C92F}.Release|Any CPU.Build.0 = Release|Any CPU
		{F9C8B25D-8959-4904-9D0B-8E2B3918771A}.Debug|Any CPU.ActiveCfg = Debug|Any CPU
		{F9C8B25D-8959-4904-9D0B-8E2B3918771A}.Debug|Any CPU.Build.0 = Debug|Any CPU
		{F9C8B25D-8959-4904-9D0B-8E2B3918771A}.Release|Any CPU.ActiveCfg = Release|Any CPU
		{F9C8B25D-8959-4904-9D0B-8E2B3918771A}.Release|Any CPU.Build.0 = Release|Any CPU
	EndGlobalSection
	GlobalSection(SolutionProperties) = preSolution
		HideSolutionNode = FALSE
	EndGlobalSection
	GlobalSection(NestedProjects) = preSolution
		{530724D6-85F3-4BAD-BCF4-966751CEF182} = {26EDF3EA-95D6-474D-9FC3-C9A1EAF14B38}
		{9A4A01D1-0A93-41CB-9C55-E65CEA8B0D2B} = {26EDF3EA-95D6-474D-9FC3-C9A1EAF14B38}
		{4DE88F82-B59E-43FB-BA30-E5877C750054} = {26EDF3EA-95D6-474D-9FC3-C9A1EAF14B38}
		{02EA681E-C7D8-13C7-8484-4AC65E1B71E8} = {26EDF3EA-95D6-474D-9FC3-C9A1EAF14B38}
	EndGlobalSection
	GlobalSection(ExtensibilityGlobals) = postSolution
		SolutionGuid = {B7EB108E-F67C-47B1-9502-43ECFE0F3950}
	EndGlobalSection
EndGlobal
